
Microsoft Visual Studio Solution File, Format Version 12.00
# Visual Studio 15
VisualStudioVersion = 15.0.26124.0
MinimumVisualStudioVersion = 15.0.26124.0
Project("{9A19103F-16F7-4668-BE54-9A1E7A4F7556}") = "RabbitMQ.EventBus.NetCore", "RabbitMQ.EventBus.NetCore\RabbitMQ.EventBus.NetCore.csproj", "{0160D86C-D3A4-4185-97E9-EDECFB4D051C}"
EndProject
Project("{FAE04EC0-301F-11D3-BF4B-00C04F79EFBC}") = "RabbitMQ.EventBus.NetCore.Example", "RabbitMQ.EventBus.NetCore.Example\RabbitMQ.EventBus.NetCore.Example.csproj", "{14957FC6-1084-4A03-BA2B-0BB490D49B6C}"
EndProject
Global
	GlobalSection(SolutionConfigurationPlatforms) = preSolution
		Debug|Any CPU = Debug|Any CPU
		Release|Any CPU = Release|Any CPU
	EndGlobalSection
	GlobalSection(ProjectConfigurationPlatforms) = postSolution
		{0160D86C-D3A4-4185-97E9-EDECFB4D051C}.Debug|Any CPU.ActiveCfg = Debug|Any CPU
		{0160D86C-D3A4-4185-97E9-EDECFB4D051C}.Debug|Any CPU.Build.0 = Debug|Any CPU
		{0160D86C-D3A4-4185-97E9-EDECFB4D051C}.Release|Any CPU.ActiveCfg = Release|Any CPU
		{0160D86C-D3A4-4185-97E9-EDECFB4D051C}.Release|Any CPU.Build.0 = Release|Any CPU
		{14957FC6-1084-4A03-BA2B-0BB490D49B6C}.Debug|Any CPU.ActiveCfg = Debug|Any CPU
		{14957FC6-1084-4A03-BA2B-0BB490D49B6C}.Debug|Any CPU.Build.0 = Debug|Any CPU
		{14957FC6-1084-4A03-BA2B-0BB490D49B6C}.Release|Any CPU.ActiveCfg = Release|Any CPU
		{14957FC6-1084-4A03-BA2B-0BB490D49B6C}.Release|Any CPU.Build.0 = Release|Any CPU
	EndGlobalSection
	GlobalSection(SolutionProperties) = preSolution
		HideSolutionNode = FALSE
	EndGlobalSection
	GlobalSection(ExtensibilityGlobals) = postSolution
		SolutionGuid = {F71F776B-A700-4244-BEF9-01DCC417BDD1}
	EndGlobalSection
EndGlobal
